// !$*UTF8*$!
{
	archiveVersion = 1;
	classes = {
	};
	objectVersion = 46;
	objects = {

/* Begin PBXBuildFile section */
		23F2AF9A1D26569400ABC338 /* main.m in Sources */ = {isa = PBXBuildFile; fileRef = 23F2AF991D26569400ABC338 /* main.m */; };
		23F2AF9D1D26569400ABC338 /* AppDelegate.m in Sources */ = {isa = PBXBuildFile; fileRef = 23F2AF9C1D26569400ABC338 /* AppDelegate.m */; };
		23F2AFA01D26569400ABC338 /* ViewController.m in Sources */ = {isa = PBXBuildFile; fileRef = 23F2AF9F1D26569400ABC338 /* ViewController.m */; };
		23F2AFA51D26569400ABC338 /* Assets.xcassets in Resources */ = {isa = PBXBuildFile; fileRef = 23F2AFA41D26569400ABC338 /* Assets.xcassets */; };
		23F2AFA81D26569400ABC338 /* LaunchScreen.storyboard in Resources */ = {isa = PBXBuildFile; fileRef = 23F2AFA61D26569400ABC338 /* LaunchScreen.storyboard */; };
		23F2AFB91D26577000ABC338 /* NSDate+JCKit.m in Sources */ = {isa = PBXBuildFile; fileRef = 23F2AFAE1D26577000ABC338 /* NSDate+JCKit.m */; };
		23F2AFBA1D26577000ABC338 /* NSString+JCKit.m in Sources */ = {isa = PBXBuildFile; fileRef = 23F2AFB01D26577000ABC338 /* NSString+JCKit.m */; };
		23F2AFBB1D26577000ABC338 /* UIButton+JCKit.m in Sources */ = {isa = PBXBuildFile; fileRef = 23F2AFB21D26577000ABC338 /* UIButton+JCKit.m */; };
		23F2AFBC1D26577000ABC338 /* UIColor+JCKit.m in Sources */ = {isa = PBXBuildFile; fileRef = 23F2AFB41D26577000ABC338 /* UIColor+JCKit.m */; };
		23F2AFBD1D26577000ABC338 /* UIImage+JCKit.m in Sources */ = {isa = PBXBuildFile; fileRef = 23F2AFB61D26577000ABC338 /* UIImage+JCKit.m */; };
		23F2AFC11D2658F400ABC338 /* NSObject+JCKit.m in Sources */ = {isa = PBXBuildFile; fileRef = 23F2AFC01D2658F400ABC338 /* NSObject+JCKit.m */; };
		23F2AFC41D26592100ABC338 /* NSDictionary+JCKit.m in Sources */ = {isa = PBXBuildFile; fileRef = 23F2AFC31D26592100ABC338 /* NSDictionary+JCKit.m */; };
		23F2AFCA1D2675AA00ABC338 /* NSData+JCKit.m in Sources */ = {isa = PBXBuildFile; fileRef = 23F2AFC91D2675AA00ABC338 /* NSData+JCKit.m */; };
		23F2AFCD1D26765E00ABC338 /* NSArray+JCKit.m in Sources */ = {isa = PBXBuildFile; fileRef = 23F2AFCC1D26765E00ABC338 /* NSArray+JCKit.m */; };
/* End PBXBuildFile section */

/* Begin PBXFileReference section */
		23F2AF8A1D26567E00ABC338 /* JCKit.h */ = {isa = PBXFileReference; lastKnownFileType = sourcecode.c.h; path = JCKit.h; sourceTree = "<group>"; };
		23F2AF961D26569400ABC338 /* JCKitDemo.app */ = {isa = PBXFileReference; explicitFileType = wrapper.application; includeInIndex = 0; path = JCKitDemo.app; sourceTree = BUILT_PRODUCTS_DIR; };
		23F2AF991D26569400ABC338 /* main.m */ = {isa = PBXFileReference; lastKnownFileType = sourcecode.c.objc; path = main.m; sourceTree = "<group>"; };
		23F2AF9B1D26569400ABC338 /* AppDelegate.h */ = {isa = PBXFileReference; lastKnownFileType = sourcecode.c.h; path = AppDelegate.h; sourceTree = "<group>"; };
		23F2AF9C1D26569400ABC338 /* AppDelegate.m */ = {isa = PBXFileReference; lastKnownFileType = sourcecode.c.objc; path = AppDelegate.m; sourceTree = "<group>"; };
		23F2AF9E1D26569400ABC338 /* ViewController.h */ = {isa = PBXFileReference; lastKnownFileType = sourcecode.c.h; path = ViewController.h; sourceTree = "<group>"; };
		23F2AF9F1D26569400ABC338 /* ViewController.m */ = {isa = PBXFileReference; lastKnownFileType = sourcecode.c.objc; path = ViewController.m; sourceTree = "<group>"; };
		23F2AFA41D26569400ABC338 /* Assets.xcassets */ = {isa = PBXFileReference; lastKnownFileType = folder.assetcatalog; path = Assets.xcassets; sourceTree = "<group>"; };
		23F2AFA71D26569400ABC338 /* Base */ = {isa = PBXFileReference; lastKnownFileType = file.storyboard; name = Base; path = Base.lproj/LaunchScreen.storyboard; sourceTree = "<group>"; };
		23F2AFA91D26569400ABC338 /* Info.plist */ = {isa = PBXFileReference; lastKnownFileType = text.plist.xml; path = Info.plist; sourceTree = "<group>"; };
		23F2AFAD1D26577000ABC338 /* NSDate+JCKit.h */ = {isa = PBXFileReference; fileEncoding = 4; lastKnownFileType = sourcecode.c.h; path = "NSDate+JCKit.h"; sourceTree = "<group>"; };
		23F2AFAE1D26577000ABC338 /* NSDate+JCKit.m */ = {isa = PBXFileReference; fileEncoding = 4; lastKnownFileType = sourcecode.c.objc; path = "NSDate+JCKit.m"; sourceTree = "<group>"; };
		23F2AFAF1D26577000ABC338 /* NSString+JCKit.h */ = {isa = PBXFileReference; fileEncoding = 4; lastKnownFileType = sourcecode.c.h; path = "NSString+JCKit.h"; sourceTree = "<group>"; };
		23F2AFB01D26577000ABC338 /* NSString+JCKit.m */ = {isa = PBXFileReference; fileEncoding = 4; lastKnownFileType = sourcecode.c.objc; path = "NSString+JCKit.m"; sourceTree = "<group>"; };
		23F2AFB11D26577000ABC338 /* UIButton+JCKit.h */ = {isa = PBXFileReference; fileEncoding = 4; lastKnownFileType = sourcecode.c.h; path = "UIButton+JCKit.h"; sourceTree = "<group>"; };
		23F2AFB21D26577000ABC338 /* UIButton+JCKit.m */ = {isa = PBXFileReference; fileEncoding = 4; lastKnownFileType = sourcecode.c.objc; path = "UIButton+JCKit.m"; sourceTree = "<group>"; };
		23F2AFB31D26577000ABC338 /* UIColor+JCKit.h */ = {isa = PBXFileReference; fileEncoding = 4; lastKnownFileType = sourcecode.c.h; path = "UIColor+JCKit.h"; sourceTree = "<group>"; };
		23F2AFB41D26577000ABC338 /* UIColor+JCKit.m */ = {isa = PBXFileReference; fileEncoding = 4; lastKnownFileType = sourcecode.c.objc; path = "UIColor+JCKit.m"; sourceTree = "<group>"; };
		23F2AFB51D26577000ABC338 /* UIImage+JCKit.h */ = {isa = PBXFileReference; fileEncoding = 4; lastKnownFileType = sourcecode.c.h; path = "UIImage+JCKit.h"; sourceTree = "<group>"; };
		23F2AFB61D26577000ABC338 /* UIImage+JCKit.m */ = {isa = PBXFileReference; fileEncoding = 4; lastKnownFileType = sourcecode.c.objc; path = "UIImage+JCKit.m"; sourceTree = "<group>"; };
		23F2AFBF1D2658F400ABC338 /* NSObject+JCKit.h */ = {isa = PBXFileReference; fileEncoding = 4; lastKnownFileType = sourcecode.c.h; path = "NSObject+JCKit.h"; sourceTree = "<group>"; };
		23F2AFC01D2658F400ABC338 /* NSObject+JCKit.m */ = {isa = PBXFileReference; fileEncoding = 4; lastKnownFileType = sourcecode.c.objc; path = "NSObject+JCKit.m"; sourceTree = "<group>"; };
		23F2AFC21D26592100ABC338 /* NSDictionary+JCKit.h */ = {isa = PBXFileReference; fileEncoding = 4; lastKnownFileType = sourcecode.c.h; path = "NSDictionary+JCKit.h"; sourceTree = "<group>"; };
		23F2AFC31D26592100ABC338 /* NSDictionary+JCKit.m */ = {isa = PBXFileReference; fileEncoding = 4; lastKnownFileType = sourcecode.c.objc; path = "NSDictionary+JCKit.m"; sourceTree = "<group>"; };
		23F2AFC81D2675AA00ABC338 /* NSData+JCKit.h */ = {isa = PBXFileReference; fileEncoding = 4; lastKnownFileType = sourcecode.c.h; path = "NSData+JCKit.h"; sourceTree = "<group>"; };
		23F2AFC91D2675AA00ABC338 /* NSData+JCKit.m */ = {isa = PBXFileReference; fileEncoding = 4; lastKnownFileType = sourcecode.c.objc; path = "NSData+JCKit.m"; sourceTree = "<group>"; };
		23F2AFCB1D26765E00ABC338 /* NSArray+JCKit.h */ = {isa = PBXFileReference; fileEncoding = 4; lastKnownFileType = sourcecode.c.h; path = "NSArray+JCKit.h"; sourceTree = "<group>"; };
		23F2AFCC1D26765E00ABC338 /* NSArray+JCKit.m */ = {isa = PBXFileReference; fileEncoding = 4; lastKnownFileType = sourcecode.c.objc; path = "NSArray+JCKit.m"; sourceTree = "<group>"; };
/* End PBXFileReference section */

/* Begin PBXFrameworksBuildPhase section */
		23F2AF931D26569400ABC338 /* Frameworks */ = {
			isa = PBXFrameworksBuildPhase;
			buildActionMask = 2147483647;
			files = (
			);
			runOnlyForDeploymentPostprocessing = 0;
		};
/* End PBXFrameworksBuildPhase section */

/* Begin PBXGroup section */
		23F2AF7D1D26567E00ABC338 = {
			isa = PBXGroup;
			children = (
				23F2AF891D26567E00ABC338 /* JCKit */,
				23F2AF971D26569400ABC338 /* JCKitDemo */,
				23F2AF881D26567E00ABC338 /* Products */,
			);
			sourceTree = "<group>";
		};
		23F2AF881D26567E00ABC338 /* Products */ = {
			isa = PBXGroup;
			children = (
				23F2AF961D26569400ABC338 /* JCKitDemo.app */,
			);
			name = Products;
			sourceTree = "<group>";
		};
		23F2AF891D26567E00ABC338 /* JCKit */ = {
			isa = PBXGroup;
			children = (
				23F2AFCB1D26765E00ABC338 /* NSArray+JCKit.h */,
				23F2AFCC1D26765E00ABC338 /* NSArray+JCKit.m */,
				23F2AFC81D2675AA00ABC338 /* NSData+JCKit.h */,
				23F2AFC91D2675AA00ABC338 /* NSData+JCKit.m */,
				23F2AFAD1D26577000ABC338 /* NSDate+JCKit.h */,
				23F2AFAE1D26577000ABC338 /* NSDate+JCKit.m */,
				23F2AFC21D26592100ABC338 /* NSDictionary+JCKit.h */,
				23F2AFC31D26592100ABC338 /* NSDictionary+JCKit.m */,
				23F2AFBF1D2658F400ABC338 /* NSObject+JCKit.h */,
				23F2AFC01D2658F400ABC338 /* NSObject+JCKit.m */,
				23F2AFAF1D26577000ABC338 /* NSString+JCKit.h */,
				23F2AFB01D26577000ABC338 /* NSString+JCKit.m */,
				23F2AFB11D26577000ABC338 /* UIButton+JCKit.h */,
				23F2AFB21D26577000ABC338 /* UIButton+JCKit.m */,
				23F2AFB31D26577000ABC338 /* UIColor+JCKit.h */,
				23F2AFB41D26577000ABC338 /* UIColor+JCKit.m */,
				23F2AFB51D26577000ABC338 /* UIImage+JCKit.h */,
				23F2AFB61D26577000ABC338 /* UIImage+JCKit.m */,
				23F2AF8A1D26567E00ABC338 /* JCKit.h */,
			);
			path = JCKit;
			sourceTree = "<group>";
		};
		23F2AF971D26569400ABC338 /* JCKitDemo */ = {
			isa = PBXGroup;
			children = (
				23F2AF9B1D26569400ABC338 /* AppDelegate.h */,
				23F2AF9C1D26569400ABC338 /* AppDelegate.m */,
				23F2AF9E1D26569400ABC338 /* ViewController.h */,
				23F2AF9F1D26569400ABC338 /* ViewController.m */,
				23F2AFA41D26569400ABC338 /* Assets.xcassets */,
				23F2AFA61D26569400ABC338 /* LaunchScreen.storyboard */,
				23F2AFA91D26569400ABC338 /* Info.plist */,
				23F2AF981D26569400ABC338 /* Supporting Files */,
			);
			path = JCKitDemo;
			sourceTree = "<group>";
		};
		23F2AF981D26569400ABC338 /* Supporting Files */ = {
			isa = PBXGroup;
			children = (
				23F2AF991D26569400ABC338 /* main.m */,
			);
			name = "Supporting Files";
			sourceTree = "<group>";
		};
/* End PBXGroup section */

/* Begin PBXNativeTarget section */
		23F2AF951D26569400ABC338 /* JCKitDemo */ = {
			isa = PBXNativeTarget;
			buildConfigurationList = 23F2AFAA1D26569400ABC338 /* Build configuration list for PBXNativeTarget "JCKitDemo" */;
			buildPhases = (
				23F2AF921D26569400ABC338 /* Sources */,
				23F2AF931D26569400ABC338 /* Frameworks */,
				23F2AF941D26569400ABC338 /* Resources */,
			);
			buildRules = (
			);
			dependencies = (
			);
			name = JCKitDemo;
			productName = JCKitDemo;
			productReference = 23F2AF961D26569400ABC338 /* JCKitDemo.app */;
			productType = "com.apple.product-type.application";
		};
/* End PBXNativeTarget section */

/* Begin PBXProject section */
		23F2AF7E1D26567E00ABC338 /* Project object */ = {
			isa = PBXProject;
			attributes = {
				LastUpgradeCheck = 0730;
				ORGANIZATIONNAME = "Boych<https://github.com/Boych>";
				TargetAttributes = {
					23F2AF951D26569400ABC338 = {
						CreatedOnToolsVersion = 7.3.1;
					};
				};
			};
			buildConfigurationList = 23F2AF811D26567E00ABC338 /* Build configuration list for PBXProject "JCKit" */;
			compatibilityVersion = "Xcode 3.2";
			developmentRegion = English;
			hasScannedForEncodings = 0;
			knownRegions = (
				en,
				Base,
			);
			mainGroup = 23F2AF7D1D26567E00ABC338;
			productRefGroup = 23F2AF881D26567E00ABC338 /* Products */;
			projectDirPath = "";
			projectRoot = "";
			targets = (
				23F2AF951D26569400ABC338 /* JCKitDemo */,
			);
		};
/* End PBXProject section */

/* Begin PBXResourcesBuildPhase section */
		23F2AF941D26569400ABC338 /* Resources */ = {
			isa = PBXResourcesBuildPhase;
			buildActionMask = 2147483647;
			files = (
				23F2AFA81D26569400ABC338 /* LaunchScreen.storyboard in Resources */,
				23F2AFA51D26569400ABC338 /* Assets.xcassets in Resources */,
			);
			runOnlyForDeploymentPostprocessing = 0;
		};
/* End PBXResourcesBuildPhase section */

/* Begin PBXSourcesBuildPhase section */
		23F2AF921D26569400ABC338 /* Sources */ = {
			isa = PBXSourcesBuildPhase;
			buildActionMask = 2147483647;
			files = (
				23F2AFB91D26577000ABC338 /* NSDate+JCKit.m in Sources */,
				23F2AFA01D26569400ABC338 /* ViewController.m in Sources */,
				23F2AFBA1D26577000ABC338 /* NSString+JCKit.m in Sources */,
				23F2AFBD1D26577000ABC338 /* UIImage+JCKit.m in Sources */,
				23F2AFCA1D2675AA00ABC338 /* NSData+JCKit.m in Sources */,
				23F2AFC41D26592100ABC338 /* NSDictionary+JCKit.m in Sources */,
				23F2AFCD1D26765E00ABC338 /* NSArray+JCKit.m in Sources */,
				23F2AFBC1D26577000ABC338 /* UIColor+JCKit.m in Sources */,
				23F2AF9D1D26569400ABC338 /* AppDelegate.m in Sources */,
				23F2AFC11D2658F400ABC338 /* NSObject+JCKit.m in Sources */,
				23F2AF9A1D26569400ABC338 /* main.m in Sources */,
				23F2AFBB1D26577000ABC338 /* UIButton+JCKit.m in Sources */,
			);
			runOnlyForDeploymentPostprocessing = 0;
		};
/* End PBXSourcesBuildPhase section */

/* Begin PBXVariantGroup section */
		23F2AFA61D26569400ABC338 /* LaunchScreen.storyboard */ = {
			isa = PBXVariantGroup;
			children = (
				23F2AFA71D26569400ABC338 /* Base */,
			);
			name = LaunchScreen.storyboard;
			sourceTree = "<group>";
		};
/* End PBXVariantGroup section */

/* Begin XCBuildConfiguration section */
		23F2AF8D1D26567E00ABC338 /* Debug */ = {
			isa = XCBuildConfiguration;
			buildSettings = {
				ALWAYS_SEARCH_USER_PATHS = NO;
				CLANG_ANALYZER_NONNULL = YES;
				CLANG_CXX_LANGUAGE_STANDARD = "gnu++0x";
				CLANG_CXX_LIBRARY = "libc++";
				CLANG_ENABLE_MODULES = YES;
				CLANG_ENABLE_OBJC_ARC = YES;
				CLANG_WARN_BOOL_CONVERSION = YES;
				CLANG_WARN_CONSTANT_CONVERSION = YES;
				CLANG_WARN_DIRECT_OBJC_ISA_USAGE = YES_ERROR;
				CLANG_WARN_EMPTY_BODY = YES;
				CLANG_WARN_ENUM_CONVERSION = YES;
				CLANG_WARN_INT_CONVERSION = YES;
				CLANG_WARN_OBJC_ROOT_CLASS = YES_ERROR;
				CLANG_WARN_UNREACHABLE_CODE = YES;
				CLANG_WARN__DUPLICATE_METHOD_MATCH = YES;
				"CODE_SIGN_IDENTITY[sdk=iphoneos*]" = "iPhone Developer";
				COPY_PHASE_STRIP = NO;
				CURRENT_PROJECT_VERSION = 1;
				DEBUG_INFORMATION_FORMAT = dwarf;
				ENABLE_STRICT_OBJC_MSGSEND = YES;
				ENABLE_TESTABILITY = YES;
				GCC_C_LANGUAGE_STANDARD = gnu99;
				GCC_DYNAMIC_NO_PIC = NO;
				GCC_NO_COMMON_BLOCKS = YES;
				GCC_OPTIMIZATION_LEVEL = 0;
				GCC_PREPROCESSOR_DEFINITIONS = (
					"DEBUG=1",
					"$(inherited)",
				);
				GCC_WARN_64_TO_32_BIT_CONVERSION = YES;
				GCC_WARN_ABOUT_RETURN_TYPE = YES_ERROR;
				GCC_WARN_UNDECLARED_SELECTOR = YES;
				GCC_WARN_UNINITIALIZED_AUTOS = YES_AGGRESSIVE;
				GCC_WARN_UNUSED_FUNCTION = YES;
				GCC_WARN_UNUSED_VARIABLE = YES;
				IPHONEOS_DEPLOYMENT_TARGET = 8.0;
				MTL_ENABLE_DEBUG_INFO = YES;
				ONLY_ACTIVE_ARCH = YES;
				SDKROOT = iphoneos;
				TARGETED_DEVICE_FAMILY = "1,2";
				VERSIONING_SYSTEM = "apple-generic";
				VERSION_INFO_PREFIX = "";
			};
			name = Debug;
		};
		23F2AF8E1D26567E00ABC338 /* Release */ = {
			isa = XCBuildConfiguration;
			buildSettings = {
				ALWAYS_SEARCH_USER_PATHS = NO;
				CLANG_ANALYZER_NONNULL = YES;
				CLANG_CXX_LANGUAGE_STANDARD = "gnu++0x";
				CLANG_CXX_LIBRARY = "libc++";
				CLANG_ENABLE_MODULES = YES;
				CLANG_ENABLE_OBJC_ARC = YES;
				CLANG_WARN_BOOL_CONVERSION = YES;
				CLANG_WARN_CONSTANT_CONVERSION = YES;
				CLANG_WARN_DIRECT_OBJC_ISA_USAGE = YES_ERROR;
				CLANG_WARN_EMPTY_BODY = YES;
				CLANG_WARN_ENUM_CONVERSION = YES;
				CLANG_WARN_INT_CONVERSION = YES;
				CLANG_WARN_OBJC_ROOT_CLASS = YES_ERROR;
				CLANG_WARN_UNREACHABLE_CODE = YES;
				CLANG_WARN__DUPLICATE_METHOD_MATCH = YES;
				"CODE_SIGN_IDENTITY[sdk=iphoneos*]" = "iPhone Developer";
				COPY_PHASE_STRIP = NO;
				CURRENT_PROJECT_VERSION = 1;
				DEBUG_INFORMATION_FORMAT = "dwarf-with-dsym";
				ENABLE_NS_ASSERTIONS = NO;
				ENABLE_STRICT_OBJC_MSGSEND = YES;
				GCC_C_LANGUAGE_STANDARD = gnu99;
				GCC_NO_COMMON_BLOCKS = YES;
				GCC_WARN_64_TO_32_BIT_CONVERSION = YES;
				GCC_WARN_ABOUT_RETURN_TYPE = YES_ERROR;
				GCC_WARN_UNDECLARED_SELECTOR = YES;
				GCC_WARN_UNINITIALIZED_AUTOS = YES_AGGRESSIVE;
				GCC_WARN_UNUSED_FUNCTION = YES;
				GCC_WARN_UNUSED_VARIABLE = YES;
				IPHONEOS_DEPLOYMENT_TARGET = 8.0;
				MTL_ENABLE_DEBUG_INFO = NO;
				SDKROOT = iphoneos;
				TARGETED_DEVICE_FAMILY = "1,2";
				VALIDATE_PRODUCT = YES;
				VERSIONING_SYSTEM = "apple-generic";
				VERSION_INFO_PREFIX = "";
			};
			name = Release;
		};
		23F2AFAB1D26569400ABC338 /* Debug */ = {
			isa = XCBuildConfiguration;
			buildSettings = {
				ASSETCATALOG_COMPILER_APPICON_NAME = AppIcon;
				INFOPLIST_FILE = JCKitDemo/Info.plist;
				LD_RUNPATH_SEARCH_PATHS = "$(inherited) @executable_path/Frameworks";
				PRODUCT_BUNDLE_IDENTIFIER = com.JC.JCKitDemo;
				PRODUCT_NAME = "$(TARGET_NAME)";
			};
			name = Debug;
		};
		23F2AFAC1D26569400ABC338 /* Release */ = {
			isa = XCBuildConfiguration;
			buildSettings = {
				ASSETCATALOG_COMPILER_APPICON_NAME = AppIcon;
				INFOPLIST_FILE = JCKitDemo/Info.plist;
				LD_RUNPATH_SEARCH_PATHS = "$(inherited) @executable_path/Frameworks";
				PRODUCT_BUNDLE_IDENTIFIER = com.JC.JCKitDemo;
				PRODUCT_NAME = "$(TARGET_NAME)";
			};
			name = Release;
		};
/* End XCBuildConfiguration section */

/* Begin XCConfigurationList section */
		23F2AF811D26567E00ABC338 /* Build configuration list for PBXProject "JCKit" */ = {
			isa = XCConfigurationList;
			buildConfigurations = (
				23F2AF8D1D26567E00ABC338 /* Debug */,
				23F2AF8E1D26567E00ABC338 /* Release */,
			);
			defaultConfigurationIsVisible = 0;
			defaultConfigurationName = Release;
		};
		23F2AFAA1D26569400ABC338 /* Build configuration list for PBXNativeTarget "JCKitDemo" */ = {
			isa = XCConfigurationList;
			buildConfigurations = (
				23F2AFAB1D26569400ABC338 /* Debug */,
				23F2AFAC1D26569400ABC338 /* Release */,
			);
			defaultConfigurationIsVisible = 0;
			defaultConfigurationName = Release;
		};
/* End XCConfigurationList section */
	};
	rootObject = 23F2AF7E1D26567E00ABC338 /* Project object */;
}
